
Microsoft Visual Studio Solution File, Format Version 12.00
# Visual Studio Version 17
VisualStudioVersion = 17.2.32616.157
MinimumVisualStudioVersion = 10.0.40219.1
Project("{9A19103F-16F7-4668-BE54-9A1E7A4F7556}") = "AreaCalculator", "AreaCalculator\AreaCalculator.csproj", "{97A27C99-6640-46D9-AB54-51C9A2BCDFB3}"
EndProject
Project("{FAE04EC0-301F-11D3-BF4B-00C04F79EFBC}") = "UnitTests", "UnitTests\UnitTests.csproj", "{982210F2-E3DE-44B0-BA02-6820A256194C}"
EndProject
Global
	GlobalSection(SolutionConfigurationPlatforms) = preSolution
		Debug|Any CPU = Debug|Any CPU
		Release|Any CPU = Release|Any CPU
	EndGlobalSection
	GlobalSection(ProjectConfigurationPlatforms) = postSolution
		{97A27C99-6640-46D9-AB54-51C9A2BCDFB3}.Debug|Any CPU.ActiveCfg = Debug|Any CPU
		{97A27C99-6640-46D9-AB54-51C9A2BCDFB3}.Debug|Any CPU.Build.0 = Debug|Any CPU
		{97A27C99-6640-46D9-AB54-51C9A2BCDFB3}.Release|Any CPU.ActiveCfg = Release|Any CPU
		{97A27C99-6640-46D9-AB54-51C9A2BCDFB3}.Release|Any CPU.Build.0 = Release|Any CPU
		{982210F2-E3DE-44B0-BA02-6820A256194C}.Debug|Any CPU.ActiveCfg = Debug|Any CPU
		{982210F2-E3DE-44B0-BA02-6820A256194C}.Debug|Any CPU.Build.0 = Debug|Any CPU
		{982210F2-E3DE-44B0-BA02-6820A256194C}.Release|Any CPU.ActiveCfg = Release|Any CPU
		{982210F2-E3DE-44B0-BA02-6820A256194C}.Release|Any CPU.Build.0 = Release|Any CPU
	EndGlobalSection
	GlobalSection(SolutionProperties) = preSolution
		HideSolutionNode = FALSE
	EndGlobalSection
	GlobalSection(ExtensibilityGlobals) = postSolution
		SolutionGuid = {FC35503A-A99B-423B-BE80-85E4E26A6495}
	EndGlobalSection
EndGlobal
